
Microsoft Visual Studio Solution File, Format Version 12.00
# Visual Studio Version 17
VisualStudioVersion = 17.1.32328.378
MinimumVisualStudioVersion = 10.0.40219.1
Project("{FAE04EC0-301F-11D3-BF4B-00C04F79EFBC}") = "Shifr_Cezaria", "Shifr_Cezaria.csproj", "{808FFA6C-F14B-459F-85B1-ABEB650693DF}"
EndProject
Global
	GlobalSection(SolutionConfigurationPlatforms) = preSolution
		Debug|Any CPU = Debug|Any CPU
		Release|Any CPU = Release|Any CPU
	EndGlobalSection
	GlobalSection(ProjectConfigurationPlatforms) = postSolution
		{808FFA6C-F14B-459F-85B1-ABEB650693DF}.Debug|Any CPU.ActiveCfg = Debug|Any CPU
		{808FFA6C-F14B-459F-85B1-ABEB650693DF}.Debug|Any CPU.Build.0 = Debug|Any CPU
		{808FFA6C-F14B-459F-85B1-ABEB650693DF}.Release|Any CPU.ActiveCfg = Release|Any CPU
		{808FFA6C-F14B-459F-85B1-ABEB650693DF}.Release|Any CPU.Build.0 = Release|Any CPU
	EndGlobalSection
	GlobalSection(SolutionProperties) = preSolution
		HideSolutionNode = FALSE
	EndGlobalSection
	GlobalSection(ExtensibilityGlobals) = postSolution
		SolutionGuid = {7F301F5D-EF73-4B27-81FC-E7F8DBBE530A}
	EndGlobalSection
EndGlobal
